// !$*UTF8*$!
{
	archiveVersion = 1;
	classes = {
	};
	objectVersion = 50;
	objects = {

/* Begin PBXBuildFile section */
		7075D71125BBE4CD003D8ED9 /* main.swift in Sources */ = {isa = PBXBuildFile; fileRef = 7075D71025BBE4CD003D8ED9 /* main.swift */; };
		7075D71A25BC3F37003D8ED9 /* Chapter2.swift in Sources */ = {isa = PBXBuildFile; fileRef = 7075D71925BC3F37003D8ED9 /* Chapter2.swift */; };
		7075D72025BC44D8003D8ED9 /* Item.swift in Sources */ = {isa = PBXBuildFile; fileRef = 7075D71F25BC44D8003D8ED9 /* Item.swift */; };
		7075D72325BC44EE003D8ED9 /* Beverage.swift in Sources */ = {isa = PBXBuildFile; fileRef = 7075D72225BC44EE003D8ED9 /* Beverage.swift */; };
		7075D72625BC454B003D8ED9 /* BeverageIO.swift in Sources */ = {isa = PBXBuildFile; fileRef = 7075D72525BC454B003D8ED9 /* BeverageIO.swift */; };
		7075D72A25BC459E003D8ED9 /* CakeIO.swift in Sources */ = {isa = PBXBuildFile; fileRef = 7075D72925BC459E003D8ED9 /* CakeIO.swift */; };
		7075D72D25BC45AA003D8ED9 /* Cake.swift in Sources */ = {isa = PBXBuildFile; fileRef = 7075D72C25BC45AA003D8ED9 /* Cake.swift */; };
		7075D73425BC496F003D8ED9 /* FanIO.swift in Sources */ = {isa = PBXBuildFile; fileRef = 7075D73325BC496F003D8ED9 /* FanIO.swift */; };
		7075D73825BC4976003D8ED9 /* Fan.swift in Sources */ = {isa = PBXBuildFile; fileRef = 7075D73725BC4976003D8ED9 /* Fan.swift */; };
		7075D73B25BC4B7B003D8ED9 /* Alice.swift in Sources */ = {isa = PBXBuildFile; fileRef = 7075D73A25BC4B7B003D8ED9 /* Alice.swift */; };
		7075D73F25BC5438003D8ED9 /* AliceIO.swift in Sources */ = {isa = PBXBuildFile; fileRef = 7075D73E25BC5438003D8ED9 /* AliceIO.swift */; };
		7075D74425BC5644003D8ED9 /* HasHeight.swift in Sources */ = {isa = PBXBuildFile; fileRef = 7075D74325BC5644003D8ED9 /* HasHeight.swift */; };
		7075D74825BC56D6003D8ED9 /* Door.swift in Sources */ = {isa = PBXBuildFile; fileRef = 7075D74725BC56D6003D8ED9 /* Door.swift */; };
		7075D74C25BC5884003D8ED9 /* HasName.swift in Sources */ = {isa = PBXBuildFile; fileRef = 7075D74B25BC5884003D8ED9 /* HasName.swift */; };
		7075D75025BC5A49003D8ED9 /* DoorIO.swift in Sources */ = {isa = PBXBuildFile; fileRef = 7075D74F25BC5A49003D8ED9 /* DoorIO.swift */; };
/* End PBXBuildFile section */

/* Begin PBXCopyFilesBuildPhase section */
		7075D70B25BBE4CD003D8ED9 /* CopyFiles */ = {
			isa = PBXCopyFilesBuildPhase;
			buildActionMask = 2147483647;
			dstPath = /usr/share/man/man1/;
			dstSubfolderSpec = 0;
			files = (
			);
			runOnlyForDeploymentPostprocessing = 1;
		};
/* End PBXCopyFilesBuildPhase section */

/* Begin PBXFileReference section */
		7075D70D25BBE4CD003D8ED9 /* EssenceOfObjectOrientationExample */ = {isa = PBXFileReference; explicitFileType = "compiled.mach-o.executable"; includeInIndex = 0; path = EssenceOfObjectOrientationExample; sourceTree = BUILT_PRODUCTS_DIR; };
		7075D71025BBE4CD003D8ED9 /* main.swift */ = {isa = PBXFileReference; lastKnownFileType = sourcecode.swift; path = main.swift; sourceTree = "<group>"; };
		7075D71925BC3F37003D8ED9 /* Chapter2.swift */ = {isa = PBXFileReference; lastKnownFileType = sourcecode.swift; path = Chapter2.swift; sourceTree = "<group>"; };
		7075D71F25BC44D8003D8ED9 /* Item.swift */ = {isa = PBXFileReference; lastKnownFileType = sourcecode.swift; path = Item.swift; sourceTree = "<group>"; };
		7075D72225BC44EE003D8ED9 /* Beverage.swift */ = {isa = PBXFileReference; lastKnownFileType = sourcecode.swift; path = Beverage.swift; sourceTree = "<group>"; };
		7075D72525BC454B003D8ED9 /* BeverageIO.swift */ = {isa = PBXFileReference; lastKnownFileType = sourcecode.swift; path = BeverageIO.swift; sourceTree = "<group>"; };
		7075D72925BC459E003D8ED9 /* CakeIO.swift */ = {isa = PBXFileReference; lastKnownFileType = sourcecode.swift; path = CakeIO.swift; sourceTree = "<group>"; };
		7075D72C25BC45AA003D8ED9 /* Cake.swift */ = {isa = PBXFileReference; lastKnownFileType = sourcecode.swift; path = Cake.swift; sourceTree = "<group>"; };
		7075D73325BC496F003D8ED9 /* FanIO.swift */ = {isa = PBXFileReference; lastKnownFileType = sourcecode.swift; path = FanIO.swift; sourceTree = "<group>"; };
		7075D73725BC4976003D8ED9 /* Fan.swift */ = {isa = PBXFileReference; lastKnownFileType = sourcecode.swift; path = Fan.swift; sourceTree = "<group>"; };
		7075D73A25BC4B7B003D8ED9 /* Alice.swift */ = {isa = PBXFileReference; lastKnownFileType = sourcecode.swift; path = Alice.swift; sourceTree = "<group>"; };
		7075D73E25BC5438003D8ED9 /* AliceIO.swift */ = {isa = PBXFileReference; lastKnownFileType = sourcecode.swift; path = AliceIO.swift; sourceTree = "<group>"; };
		7075D74325BC5644003D8ED9 /* HasHeight.swift */ = {isa = PBXFileReference; lastKnownFileType = sourcecode.swift; path = HasHeight.swift; sourceTree = "<group>"; };
		7075D74725BC56D6003D8ED9 /* Door.swift */ = {isa = PBXFileReference; lastKnownFileType = sourcecode.swift; path = Door.swift; sourceTree = "<group>"; };
		7075D74B25BC5884003D8ED9 /* HasName.swift */ = {isa = PBXFileReference; lastKnownFileType = sourcecode.swift; path = HasName.swift; sourceTree = "<group>"; };
		7075D74F25BC5A49003D8ED9 /* DoorIO.swift */ = {isa = PBXFileReference; lastKnownFileType = sourcecode.swift; path = DoorIO.swift; sourceTree = "<group>"; };
/* End PBXFileReference section */

/* Begin PBXFrameworksBuildPhase section */
		7075D70A25BBE4CD003D8ED9 /* Frameworks */ = {
			isa = PBXFrameworksBuildPhase;
			buildActionMask = 2147483647;
			files = (
			);
			runOnlyForDeploymentPostprocessing = 0;
		};
/* End PBXFrameworksBuildPhase section */

/* Begin PBXGroup section */
		7075D70425BBE4CD003D8ED9 = {
			isa = PBXGroup;
			children = (
				7075D70F25BBE4CD003D8ED9 /* EssenceOfObjectOrientationExample */,
				7075D70E25BBE4CD003D8ED9 /* Products */,
			);
			sourceTree = "<group>";
		};
		7075D70E25BBE4CD003D8ED9 /* Products */ = {
			isa = PBXGroup;
			children = (
				7075D70D25BBE4CD003D8ED9 /* EssenceOfObjectOrientationExample */,
			);
			name = Products;
			sourceTree = "<group>";
		};
		7075D70F25BBE4CD003D8ED9 /* EssenceOfObjectOrientationExample */ = {
			isa = PBXGroup;
			children = (
				7075D71825BC3F23003D8ED9 /* Chapter2 */,
				7075D71025BBE4CD003D8ED9 /* main.swift */,
			);
			path = EssenceOfObjectOrientationExample;
			sourceTree = "<group>";
		};
		7075D71825BC3F23003D8ED9 /* Chapter2 */ = {
			isa = PBXGroup;
			children = (
				7075D71925BC3F37003D8ED9 /* Chapter2.swift */,
				7075D74A25BC586D003D8ED9 /* Protocols */,
				7075D74225BC5611003D8ED9 /* Door */,
				7075D73D25BC542B003D8ED9 /* Alice */,
				7075D71D25BC44BD003D8ED9 /* Items */,
			);
			path = Chapter2;
			sourceTree = "<group>";
		};
		7075D71D25BC44BD003D8ED9 /* Items */ = {
			isa = PBXGroup;
			children = (
				7075D71F25BC44D8003D8ED9 /* Item.swift */,
				7075D73225BC4963003D8ED9 /* Fan */,
				7075D72825BC4571003D8ED9 /* Cake */,
				7075D71E25BC44C7003D8ED9 /* Beverage */,
			);
			path = Items;
			sourceTree = "<group>";
		};
		7075D71E25BC44C7003D8ED9 /* Beverage */ = {
			isa = PBXGroup;
			children = (
				7075D72225BC44EE003D8ED9 /* Beverage.swift */,
				7075D72525BC454B003D8ED9 /* BeverageIO.swift */,
			);
			path = Beverage;
			sourceTree = "<group>";
		};
		7075D72825BC4571003D8ED9 /* Cake */ = {
			isa = PBXGroup;
			children = (
				7075D72925BC459E003D8ED9 /* CakeIO.swift */,
				7075D72C25BC45AA003D8ED9 /* Cake.swift */,
			);
			path = Cake;
			sourceTree = "<group>";
		};
		7075D73225BC4963003D8ED9 /* Fan */ = {
			isa = PBXGroup;
			children = (
				7075D73325BC496F003D8ED9 /* FanIO.swift */,
				7075D73725BC4976003D8ED9 /* Fan.swift */,
			);
			path = Fan;
			sourceTree = "<group>";
		};
		7075D73D25BC542B003D8ED9 /* Alice */ = {
			isa = PBXGroup;
			children = (
				7075D73E25BC5438003D8ED9 /* AliceIO.swift */,
				7075D73A25BC4B7B003D8ED9 /* Alice.swift */,
			);
			path = Alice;
			sourceTree = "<group>";
		};
		7075D74225BC5611003D8ED9 /* Door */ = {
			isa = PBXGroup;
			children = (
				7075D74725BC56D6003D8ED9 /* Door.swift */,
				7075D74F25BC5A49003D8ED9 /* DoorIO.swift */,
			);
			path = Door;
			sourceTree = "<group>";
		};
		7075D74A25BC586D003D8ED9 /* Protocols */ = {
			isa = PBXGroup;
			children = (
				7075D74325BC5644003D8ED9 /* HasHeight.swift */,
				7075D74B25BC5884003D8ED9 /* HasName.swift */,
			);
			path = Protocols;
			sourceTree = "<group>";
		};
/* End PBXGroup section */

/* Begin PBXNativeTarget section */
		7075D70C25BBE4CD003D8ED9 /* EssenceOfObjectOrientationExample */ = {
			isa = PBXNativeTarget;
			buildConfigurationList = 7075D71425BBE4CD003D8ED9 /* Build configuration list for PBXNativeTarget "EssenceOfObjectOrientationExample" */;
			buildPhases = (
				7075D70925BBE4CD003D8ED9 /* Sources */,
				7075D70A25BBE4CD003D8ED9 /* Frameworks */,
				7075D70B25BBE4CD003D8ED9 /* CopyFiles */,
			);
			buildRules = (
			);
			dependencies = (
			);
			name = EssenceOfObjectOrientationExample;
			productName = EssenceOfObjectOrientationExample;
			productReference = 7075D70D25BBE4CD003D8ED9 /* EssenceOfObjectOrientationExample */;
			productType = "com.apple.product-type.tool";
		};
/* End PBXNativeTarget section */

/* Begin PBXProject section */
		7075D70525BBE4CD003D8ED9 /* Project object */ = {
			isa = PBXProject;
			attributes = {
				LastSwiftUpdateCheck = 1230;
				LastUpgradeCheck = 1230;
				TargetAttributes = {
					7075D70C25BBE4CD003D8ED9 = {
						CreatedOnToolsVersion = 12.3;
					};
				};
			};
			buildConfigurationList = 7075D70825BBE4CD003D8ED9 /* Build configuration list for PBXProject "EssenceOfObjectOrientationExample" */;
			compatibilityVersion = "Xcode 9.3";
			developmentRegion = en;
			hasScannedForEncodings = 0;
			knownRegions = (
				en,
				Base,
			);
			mainGroup = 7075D70425BBE4CD003D8ED9;
			productRefGroup = 7075D70E25BBE4CD003D8ED9 /* Products */;
			projectDirPath = "";
			projectRoot = "";
			targets = (
				7075D70C25BBE4CD003D8ED9 /* EssenceOfObjectOrientationExample */,
			);
		};
/* End PBXProject section */

/* Begin PBXSourcesBuildPhase section */
		7075D70925BBE4CD003D8ED9 /* Sources */ = {
			isa = PBXSourcesBuildPhase;
			buildActionMask = 2147483647;
			files = (
				7075D73B25BC4B7B003D8ED9 /* Alice.swift in Sources */,
				7075D72625BC454B003D8ED9 /* BeverageIO.swift in Sources */,
				7075D73825BC4976003D8ED9 /* Fan.swift in Sources */,
				7075D72A25BC459E003D8ED9 /* CakeIO.swift in Sources */,
				7075D72D25BC45AA003D8ED9 /* Cake.swift in Sources */,
				7075D73425BC496F003D8ED9 /* FanIO.swift in Sources */,
				7075D75025BC5A49003D8ED9 /* DoorIO.swift in Sources */,
				7075D73F25BC5438003D8ED9 /* AliceIO.swift in Sources */,
				7075D71A25BC3F37003D8ED9 /* Chapter2.swift in Sources */,
				7075D74825BC56D6003D8ED9 /* Door.swift in Sources */,
				7075D72025BC44D8003D8ED9 /* Item.swift in Sources */,
				7075D72325BC44EE003D8ED9 /* Beverage.swift in Sources */,
				7075D74C25BC5884003D8ED9 /* HasName.swift in Sources */,
				7075D71125BBE4CD003D8ED9 /* main.swift in Sources */,
				7075D74425BC5644003D8ED9 /* HasHeight.swift in Sources */,
			);
			runOnlyForDeploymentPostprocessing = 0;
		};
/* End PBXSourcesBuildPhase section */

/* Begin XCBuildConfiguration section */
		7075D71225BBE4CD003D8ED9 /* Debug */ = {
			isa = XCBuildConfiguration;
			buildSettings = {
				ALWAYS_SEARCH_USER_PATHS = NO;
				CLANG_ANALYZER_NONNULL = YES;
				CLANG_ANALYZER_NUMBER_OBJECT_CONVERSION = YES_AGGRESSIVE;
				CLANG_CXX_LANGUAGE_STANDARD = "gnu++14";
				CLANG_CXX_LIBRARY = "libc++";
				CLANG_ENABLE_MODULES = YES;
				CLANG_ENABLE_OBJC_ARC = YES;
				CLANG_ENABLE_OBJC_WEAK = YES;
				CLANG_WARN_BLOCK_CAPTURE_AUTORELEASING = YES;
				CLANG_WARN_BOOL_CONVERSION = YES;
				CLANG_WARN_COMMA = YES;
				CLANG_WARN_CONSTANT_CONVERSION = YES;
				CLANG_WARN_DEPRECATED_OBJC_IMPLEMENTATIONS = YES;
				CLANG_WARN_DIRECT_OBJC_ISA_USAGE = YES_ERROR;
				CLANG_WARN_DOCUMENTATION_COMMENTS = YES;
				CLANG_WARN_EMPTY_BODY = YES;
				CLANG_WARN_ENUM_CONVERSION = YES;
				CLANG_WARN_INFINITE_RECURSION = YES;
				CLANG_WARN_INT_CONVERSION = YES;
				CLANG_WARN_NON_LITERAL_NULL_CONVERSION = YES;
				CLANG_WARN_OBJC_IMPLICIT_RETAIN_SELF = YES;
				CLANG_WARN_OBJC_LITERAL_CONVERSION = YES;
				CLANG_WARN_OBJC_ROOT_CLASS = YES_ERROR;
				CLANG_WARN_QUOTED_INCLUDE_IN_FRAMEWORK_HEADER = YES;
				CLANG_WARN_RANGE_LOOP_ANALYSIS = YES;
				CLANG_WARN_STRICT_PROTOTYPES = YES;
				CLANG_WARN_SUSPICIOUS_MOVE = YES;
				CLANG_WARN_UNGUARDED_AVAILABILITY = YES_AGGRESSIVE;
				CLANG_WARN_UNREACHABLE_CODE = YES;
				CLANG_WARN__DUPLICATE_METHOD_MATCH = YES;
				COPY_PHASE_STRIP = NO;
				DEBUG_INFORMATION_FORMAT = dwarf;
				ENABLE_STRICT_OBJC_MSGSEND = YES;
				ENABLE_TESTABILITY = YES;
				GCC_C_LANGUAGE_STANDARD = gnu11;
				GCC_DYNAMIC_NO_PIC = NO;
				GCC_NO_COMMON_BLOCKS = YES;
				GCC_OPTIMIZATION_LEVEL = 0;
				GCC_PREPROCESSOR_DEFINITIONS = (
					"DEBUG=1",
					"$(inherited)",
				);
				GCC_WARN_64_TO_32_BIT_CONVERSION = YES;
				GCC_WARN_ABOUT_RETURN_TYPE = YES_ERROR;
				GCC_WARN_UNDECLARED_SELECTOR = YES;
				GCC_WARN_UNINITIALIZED_AUTOS = YES_AGGRESSIVE;
				GCC_WARN_UNUSED_FUNCTION = YES;
				GCC_WARN_UNUSED_VARIABLE = YES;
				MACOSX_DEPLOYMENT_TARGET = 11.0;
				MTL_ENABLE_DEBUG_INFO = INCLUDE_SOURCE;
				MTL_FAST_MATH = YES;
				ONLY_ACTIVE_ARCH = YES;
				SDKROOT = macosx;
				SWIFT_ACTIVE_COMPILATION_CONDITIONS = DEBUG;
				SWIFT_OPTIMIZATION_LEVEL = "-Onone";
			};
			name = Debug;
		};
		7075D71325BBE4CD003D8ED9 /* Release */ = {
			isa = XCBuildConfiguration;
			buildSettings = {
				ALWAYS_SEARCH_USER_PATHS = NO;
				CLANG_ANALYZER_NONNULL = YES;
				CLANG_ANALYZER_NUMBER_OBJECT_CONVERSION = YES_AGGRESSIVE;
				CLANG_CXX_LANGUAGE_STANDARD = "gnu++14";
				CLANG_CXX_LIBRARY = "libc++";
				CLANG_ENABLE_MODULES = YES;
				CLANG_ENABLE_OBJC_ARC = YES;
				CLANG_ENABLE_OBJC_WEAK = YES;
				CLANG_WARN_BLOCK_CAPTURE_AUTORELEASING = YES;
				CLANG_WARN_BOOL_CONVERSION = YES;
				CLANG_WARN_COMMA = YES;
				CLANG_WARN_CONSTANT_CONVERSION = YES;
				CLANG_WARN_DEPRECATED_OBJC_IMPLEMENTATIONS = YES;
				CLANG_WARN_DIRECT_OBJC_ISA_USAGE = YES_ERROR;
				CLANG_WARN_DOCUMENTATION_COMMENTS = YES;
				CLANG_WARN_EMPTY_BODY = YES;
				CLANG_WARN_ENUM_CONVERSION = YES;
				CLANG_WARN_INFINITE_RECURSION = YES;
				CLANG_WARN_INT_CONVERSION = YES;
				CLANG_WARN_NON_LITERAL_NULL_CONVERSION = YES;
				CLANG_WARN_OBJC_IMPLICIT_RETAIN_SELF = YES;
				CLANG_WARN_OBJC_LITERAL_CONVERSION = YES;
				CLANG_WARN_OBJC_ROOT_CLASS = YES_ERROR;
				CLANG_WARN_QUOTED_INCLUDE_IN_FRAMEWORK_HEADER = YES;
				CLANG_WARN_RANGE_LOOP_ANALYSIS = YES;
				CLANG_WARN_STRICT_PROTOTYPES = YES;
				CLANG_WARN_SUSPICIOUS_MOVE = YES;
				CLANG_WARN_UNGUARDED_AVAILABILITY = YES_AGGRESSIVE;
				CLANG_WARN_UNREACHABLE_CODE = YES;
				CLANG_WARN__DUPLICATE_METHOD_MATCH = YES;
				COPY_PHASE_STRIP = NO;
				DEBUG_INFORMATION_FORMAT = "dwarf-with-dsym";
				ENABLE_NS_ASSERTIONS = NO;
				ENABLE_STRICT_OBJC_MSGSEND = YES;
				GCC_C_LANGUAGE_STANDARD = gnu11;
				GCC_NO_COMMON_BLOCKS = YES;
				GCC_WARN_64_TO_32_BIT_CONVERSION = YES;
				GCC_WARN_ABOUT_RETURN_TYPE = YES_ERROR;
				GCC_WARN_UNDECLARED_SELECTOR = YES;
				GCC_WARN_UNINITIALIZED_AUTOS = YES_AGGRESSIVE;
				GCC_WARN_UNUSED_FUNCTION = YES;
				GCC_WARN_UNUSED_VARIABLE = YES;
				MACOSX_DEPLOYMENT_TARGET = 11.0;
				MTL_ENABLE_DEBUG_INFO = NO;
				MTL_FAST_MATH = YES;
				SDKROOT = macosx;
				SWIFT_COMPILATION_MODE = wholemodule;
				SWIFT_OPTIMIZATION_LEVEL = "-O";
			};
			name = Release;
		};
		7075D71525BBE4CD003D8ED9 /* Debug */ = {
			isa = XCBuildConfiguration;
			buildSettings = {
				CODE_SIGN_STYLE = Automatic;
				DEVELOPMENT_TEAM = P6Y6LBX995;
				ENABLE_HARDENED_RUNTIME = YES;
				PRODUCT_NAME = "$(TARGET_NAME)";
				SWIFT_VERSION = 5.0;
			};
			name = Debug;
		};
		7075D71625BBE4CD003D8ED9 /* Release */ = {
			isa = XCBuildConfiguration;
			buildSettings = {
				CODE_SIGN_STYLE = Automatic;
				DEVELOPMENT_TEAM = P6Y6LBX995;
				ENABLE_HARDENED_RUNTIME = YES;
				PRODUCT_NAME = "$(TARGET_NAME)";
				SWIFT_VERSION = 5.0;
			};
			name = Release;
		};
/* End XCBuildConfiguration section */

/* Begin XCConfigurationList section */
		7075D70825BBE4CD003D8ED9 /* Build configuration list for PBXProject "EssenceOfObjectOrientationExample" */ = {
			isa = XCConfigurationList;
			buildConfigurations = (
				7075D71225BBE4CD003D8ED9 /* Debug */,
				7075D71325BBE4CD003D8ED9 /* Release */,
			);
			defaultConfigurationIsVisible = 0;
			defaultConfigurationName = Release;
		};
		7075D71425BBE4CD003D8ED9 /* Build configuration list for PBXNativeTarget "EssenceOfObjectOrientationExample" */ = {
			isa = XCConfigurationList;
			buildConfigurations = (
				7075D71525BBE4CD003D8ED9 /* Debug */,
				7075D71625BBE4CD003D8ED9 /* Release */,
			);
			defaultConfigurationIsVisible = 0;
			defaultConfigurationName = Release;
		};
/* End XCConfigurationList section */
	};
	rootObject = 7075D70525BBE4CD003D8ED9 /* Project object */;
}
